
Microsoft Visual Studio Solution File, Format Version 12.00
# Visual Studio Version 17
VisualStudioVersion = 17.2.32526.322
MinimumVisualStudioVersion = 10.0.40219.1
Project("{9A19103F-16F7-4668-BE54-9A1E7A4F7556}") = "Bff.Service", "Bff.Service\Bff.Service.csproj", "{FA78FCB5-E2E7-4F32-A3B8-08F22BDEC7A6}"
EndProject
Project("{9A19103F-16F7-4668-BE54-9A1E7A4F7556}") = "Bff.Core", "Bff.Core\Bff.Core.csproj", "{77CEB7AB-F6A9-4925-8AA7-E6B96C37E08D}"
EndProject
Project("{FAE04EC0-301F-11D3-BF4B-00C04F79EFBC}") = "Bff.Console.Client", "Bff.Console.Client\Bff.Console.Client.csproj", "{91FACE82-2B39-4BE9-8AD2-ECCD6C2061E5}"
EndProject
Global
	GlobalSection(SolutionConfigurationPlatforms) = preSolution
		Debug|Any CPU = Debug|Any CPU
		Release|Any CPU = Release|Any CPU
	EndGlobalSection
	GlobalSection(ProjectConfigurationPlatforms) = postSolution
		{FA78FCB5-E2E7-4F32-A3B8-08F22BDEC7A6}.Debug|Any CPU.ActiveCfg = Debug|Any CPU
		{FA78FCB5-E2E7-4F32-A3B8-08F22BDEC7A6}.Debug|Any CPU.Build.0 = Debug|Any CPU
		{FA78FCB5-E2E7-4F32-A3B8-08F22BDEC7A6}.Release|Any CPU.ActiveCfg = Release|Any CPU
		{FA78FCB5-E2E7-4F32-A3B8-08F22BDEC7A6}.Release|Any CPU.Build.0 = Release|Any CPU
		{77CEB7AB-F6A9-4925-8AA7-E6B96C37E08D}.Debug|Any CPU.ActiveCfg = Debug|Any CPU
		{77CEB7AB-F6A9-4925-8AA7-E6B96C37E08D}.Debug|Any CPU.Build.0 = Debug|Any CPU
		{77CEB7AB-F6A9-4925-8AA7-E6B96C37E08D}.Release|Any CPU.ActiveCfg = Release|Any CPU
		{77CEB7AB-F6A9-4925-8AA7-E6B96C37E08D}.Release|Any CPU.Build.0 = Release|Any CPU
		{91FACE82-2B39-4BE9-8AD2-ECCD6C2061E5}.Debug|Any CPU.ActiveCfg = Debug|Any CPU
		{91FACE82-2B39-4BE9-8AD2-ECCD6C2061E5}.Debug|Any CPU.Build.0 = Debug|Any CPU
		{91FACE82-2B39-4BE9-8AD2-ECCD6C2061E5}.Release|Any CPU.ActiveCfg = Release|Any CPU
		{91FACE82-2B39-4BE9-8AD2-ECCD6C2061E5}.Release|Any CPU.Build.0 = Release|Any CPU
	EndGlobalSection
	GlobalSection(SolutionProperties) = preSolution
		HideSolutionNode = FALSE
	EndGlobalSection
	GlobalSection(ExtensibilityGlobals) = postSolution
		SolutionGuid = {16893EB5-4371-4D53-8EC8-B1BA07377DBC}
	EndGlobalSection
EndGlobal
